
Microsoft Visual Studio Solution File, Format Version 12.00
# Visual Studio Version 16
VisualStudioVersion = 16.0.31702.278
MinimumVisualStudioVersion = 10.0.40219.1
Project("{8BC9CEB8-8B4A-11D0-8D11-00A0C91BC942}") = "dllinjection", "dllinjection\dllinjection.vcxproj", "{3623FE0C-5743-4800-A493-55548151DCEA}"
EndProject
Global
	GlobalSection(SolutionConfigurationPlatforms) = preSolution
		Debug|x64 = Debug|x64
		Debug|x86 = Debug|x86
		Release|x64 = Release|x64
		Release|x86 = Release|x86
	EndGlobalSection
	GlobalSection(ProjectConfigurationPlatforms) = postSolution
		{3623FE0C-5743-4800-A493-55548151DCEA}.Debug|x64.ActiveCfg = Debug|x64
		{3623FE0C-5743-4800-A493-55548151DCEA}.Debug|x64.Build.0 = Debug|x64
		{3623FE0C-5743-4800-A493-55548151DCEA}.Debug|x86.ActiveCfg = Debug|Win32
		{3623FE0C-5743-4800-A493-55548151DCEA}.Debug|x86.Build.0 = Debug|Win32
		{3623FE0C-5743-4800-A493-55548151DCEA}.Release|x64.ActiveCfg = Release|x64
		{3623FE0C-5743-4800-A493-55548151DCEA}.Release|x64.Build.0 = Release|x64
		{3623FE0C-5743-4800-A493-55548151DCEA}.Release|x86.ActiveCfg = Release|Win32
		{3623FE0C-5743-4800-A493-55548151DCEA}.Release|x86.Build.0 = Release|Win32
	EndGlobalSection
	GlobalSection(SolutionProperties) = preSolution
		HideSolutionNode = FALSE
	EndGlobalSection
	GlobalSection(ExtensibilityGlobals) = postSolution
		SolutionGuid = {73185A61-2A21-4B25-81BE-39311E614416}
	EndGlobalSection
EndGlobal
